
Microsoft Visual Studio Solution File, Format Version 12.00
# Visual Studio Version 17
VisualStudioVersion = 17.6.33723.286
MinimumVisualStudioVersion = 10.0.40219.1
Project("{2150E333-8FDC-42A3-9474-1A3956D46DE8}") = "Core", "Core", "{AEE0B6A5-9DF4-437E-8A74-041F3EB3F81A}"
EndProject
Project("{FAE04EC0-301F-11D3-BF4B-00C04F79EFBC}") = "Domain", "Domain\Domain.csproj", "{5DDFEAC6-6F96-470A-B721-4681DB0B7755}"
EndProject
Project("{FAE04EC0-301F-11D3-BF4B-00C04F79EFBC}") = "Application", "Application\Application.csproj", "{93D395DC-0E2B-4538-B401-F34C1FD13FF9}"
EndProject
Project("{FAE04EC0-301F-11D3-BF4B-00C04F79EFBC}") = "Infrastructure", "Infrastructure\Infrastructure.csproj", "{64B467FA-9D8A-4543-A9A5-B9110788D8A9}"
EndProject
Project("{FAE04EC0-301F-11D3-BF4B-00C04F79EFBC}") = "Presentation", "Presentation\Presentation.csproj", "{C84FCBF5-5C62-449F-82ED-486554898EA1}"
EndProject
Global
	GlobalSection(SolutionConfigurationPlatforms) = preSolution
		Debug|Any CPU = Debug|Any CPU
		Release|Any CPU = Release|Any CPU
	EndGlobalSection
	GlobalSection(ProjectConfigurationPlatforms) = postSolution
		{5DDFEAC6-6F96-470A-B721-4681DB0B7755}.Debug|Any CPU.ActiveCfg = Debug|Any CPU
		{5DDFEAC6-6F96-470A-B721-4681DB0B7755}.Debug|Any CPU.Build.0 = Debug|Any CPU
		{5DDFEAC6-6F96-470A-B721-4681DB0B7755}.Release|Any CPU.ActiveCfg = Release|Any CPU
		{5DDFEAC6-6F96-470A-B721-4681DB0B7755}.Release|Any CPU.Build.0 = Release|Any CPU
		{93D395DC-0E2B-4538-B401-F34C1FD13FF9}.Debug|Any CPU.ActiveCfg = Debug|Any CPU
		{93D395DC-0E2B-4538-B401-F34C1FD13FF9}.Debug|Any CPU.Build.0 = Debug|Any CPU
		{93D395DC-0E2B-4538-B401-F34C1FD13FF9}.Release|Any CPU.ActiveCfg = Release|Any CPU
		{93D395DC-0E2B-4538-B401-F34C1FD13FF9}.Release|Any CPU.Build.0 = Release|Any CPU
		{64B467FA-9D8A-4543-A9A5-B9110788D8A9}.Debug|Any CPU.ActiveCfg = Debug|Any CPU
		{64B467FA-9D8A-4543-A9A5-B9110788D8A9}.Debug|Any CPU.Build.0 = Debug|Any CPU
		{64B467FA-9D8A-4543-A9A5-B9110788D8A9}.Release|Any CPU.ActiveCfg = Release|Any CPU
		{64B467FA-9D8A-4543-A9A5-B9110788D8A9}.Release|Any CPU.Build.0 = Release|Any CPU
		{C84FCBF5-5C62-449F-82ED-486554898EA1}.Debug|Any CPU.ActiveCfg = Debug|Any CPU
		{C84FCBF5-5C62-449F-82ED-486554898EA1}.Debug|Any CPU.Build.0 = Debug|Any CPU
		{C84FCBF5-5C62-449F-82ED-486554898EA1}.Release|Any CPU.ActiveCfg = Release|Any CPU
		{C84FCBF5-5C62-449F-82ED-486554898EA1}.Release|Any CPU.Build.0 = Release|Any CPU
	EndGlobalSection
	GlobalSection(SolutionProperties) = preSolution
		HideSolutionNode = FALSE
	EndGlobalSection
	GlobalSection(NestedProjects) = preSolution
		{5DDFEAC6-6F96-470A-B721-4681DB0B7755} = {AEE0B6A5-9DF4-437E-8A74-041F3EB3F81A}
		{93D395DC-0E2B-4538-B401-F34C1FD13FF9} = {AEE0B6A5-9DF4-437E-8A74-041F3EB3F81A}
	EndGlobalSection
	GlobalSection(ExtensibilityGlobals) = postSolution
		SolutionGuid = {60CFF0EB-555B-4EA7-947D-CDE5E70ADCBE}
	EndGlobalSection
EndGlobal
